
Microsoft Visual Studio Solution File, Format Version 12.00
# Visual Studio Version 16
VisualStudioVersion = 16.0.31005.135
MinimumVisualStudioVersion = 10.0.40219.1
Project("{FAE04EC0-301F-11D3-BF4B-00C04F79EFBC}") = "WindowFormMouse", "WindowFormMouse\WindowFormMouse.csproj", "{03A1547D-3C2C-4EAC-B700-EE94ECEBD79F}"
EndProject
Global
	GlobalSection(SolutionConfigurationPlatforms) = preSolution
		Debug|Any CPU = Debug|Any CPU
		Release|Any CPU = Release|Any CPU
	EndGlobalSection
	GlobalSection(ProjectConfigurationPlatforms) = postSolution
		{03A1547D-3C2C-4EAC-B700-EE94ECEBD79F}.Debug|Any CPU.ActiveCfg = Debug|Any CPU
		{03A1547D-3C2C-4EAC-B700-EE94ECEBD79F}.Debug|Any CPU.Build.0 = Debug|Any CPU
		{03A1547D-3C2C-4EAC-B700-EE94ECEBD79F}.Release|Any CPU.ActiveCfg = Release|Any CPU
		{03A1547D-3C2C-4EAC-B700-EE94ECEBD79F}.Release|Any CPU.Build.0 = Release|Any CPU
	EndGlobalSection
	GlobalSection(SolutionProperties) = preSolution
		HideSolutionNode = FALSE
	EndGlobalSection
	GlobalSection(ExtensibilityGlobals) = postSolution
		SolutionGuid = {CBCE4987-C183-445C-88BA-A5EB5E4DF35D}
	EndGlobalSection
EndGlobal
